
Microsoft Visual Studio Solution File, Format Version 12.00
# Visual Studio Version 17
VisualStudioVersion = 17.3.32901.215
MinimumVisualStudioVersion = 10.0.40219.1
Project("{9A19103F-16F7-4668-BE54-9A1E7A4F7556}") = "EntityFrameworkCodeFirst", "EntityFrameworkCodeFirst\EntityFrameworkCodeFirst.csproj", "{6C97D742-63D3-4023-B49A-8605782F3AD7}"
EndProject
Project("{FAE04EC0-301F-11D3-BF4B-00C04F79EFBC}") = "EntityFrameworkDatabaseFirst", "EntityFrameworkDatabaseFirst\EntityFrameworkDatabaseFirst.csproj", "{482CCD5E-13F5-4896-9C47-C5D3844EF640}"
EndProject
Global
	GlobalSection(SolutionConfigurationPlatforms) = preSolution
		Debug|Any CPU = Debug|Any CPU
		Release|Any CPU = Release|Any CPU
	EndGlobalSection
	GlobalSection(ProjectConfigurationPlatforms) = postSolution
		{6C97D742-63D3-4023-B49A-8605782F3AD7}.Debug|Any CPU.ActiveCfg = Debug|Any CPU
		{6C97D742-63D3-4023-B49A-8605782F3AD7}.Debug|Any CPU.Build.0 = Debug|Any CPU
		{6C97D742-63D3-4023-B49A-8605782F3AD7}.Release|Any CPU.ActiveCfg = Release|Any CPU
		{6C97D742-63D3-4023-B49A-8605782F3AD7}.Release|Any CPU.Build.0 = Release|Any CPU
		{482CCD5E-13F5-4896-9C47-C5D3844EF640}.Debug|Any CPU.ActiveCfg = Debug|Any CPU
		{482CCD5E-13F5-4896-9C47-C5D3844EF640}.Debug|Any CPU.Build.0 = Debug|Any CPU
		{482CCD5E-13F5-4896-9C47-C5D3844EF640}.Release|Any CPU.ActiveCfg = Release|Any CPU
		{482CCD5E-13F5-4896-9C47-C5D3844EF640}.Release|Any CPU.Build.0 = Release|Any CPU
	EndGlobalSection
	GlobalSection(SolutionProperties) = preSolution
		HideSolutionNode = FALSE
	EndGlobalSection
	GlobalSection(ExtensibilityGlobals) = postSolution
		SolutionGuid = {EAEA4081-64A2-4E2F-B9A1-5B42E3B3A2A1}
	EndGlobalSection
EndGlobal
